
Microsoft Visual Studio Solution File, Format Version 12.00
# Visual Studio 15
VisualStudioVersion = 15.0.26730.8
MinimumVisualStudioVersion = 10.0.40219.1
Project("{FAE04EC0-301F-11D3-BF4B-00C04F79EFBC}") = "Kata20170822_Worda10n", "Kata20170822_Worda10n\Kata20170822_Worda10n.csproj", "{62AAF906-7DC5-4ED7-B673-10C89C157B89}"
EndProject
Global
	GlobalSection(SolutionConfigurationPlatforms) = preSolution
		Debug|Any CPU = Debug|Any CPU
		Release|Any CPU = Release|Any CPU
	EndGlobalSection
	GlobalSection(ProjectConfigurationPlatforms) = postSolution
		{62AAF906-7DC5-4ED7-B673-10C89C157B89}.Debug|Any CPU.ActiveCfg = Debug|Any CPU
		{62AAF906-7DC5-4ED7-B673-10C89C157B89}.Debug|Any CPU.Build.0 = Debug|Any CPU
		{62AAF906-7DC5-4ED7-B673-10C89C157B89}.Release|Any CPU.ActiveCfg = Release|Any CPU
		{62AAF906-7DC5-4ED7-B673-10C89C157B89}.Release|Any CPU.Build.0 = Release|Any CPU
	EndGlobalSection
	GlobalSection(SolutionProperties) = preSolution
		HideSolutionNode = FALSE
	EndGlobalSection
	GlobalSection(ExtensibilityGlobals) = postSolution
		SolutionGuid = {B1B85B81-DE0B-46CA-9A12-81807A0968AB}
	EndGlobalSection
	GlobalSection(CodealikeProperties) = postSolution
		SolutionGuid = b1b85b81-de0b-46ca-9a12-81807a0968ab
	EndGlobalSection
EndGlobal
